{"format_version":"1.1","terraform_version":"1.4.4","planned_values":{"root_module":{"resources":[{"address":"aws_db_instance.dbinstance","mode":"managed","type":"aws_db_instance","name":"dbinstance","provider_name":"registry.terraform.io/hashicorp/aws","schema_version":2,"values":{"allocated_storage":5,"allow_major_version_upgrade":null,"apply_immediately":false,"auto_minor_version_upgrade":true,"blue_green_update":[],"copy_tags_to_snapshot":false,"custom_iam_instance_profile":null,"customer_owned_ip_enabled":null,"db_name":"db","delete_automated_backups":true,"deletion_protection":null,"domain":null,"domain_iam_role_name":null,"enabled_cloudwatch_logs_exports":null,"engine":"mysql","engine_version":"5.7","final_snapshot_identifier":null,"iam_database_authentication_enabled":null,"identifier":"dbinstance","instance_class":"db.t2.micro","manage_master_user_password":null,"max_allocated_storage":null,"monitoring_interval":0,"password":"password","performance_insights_enabled":false,"publicly_accessible":false,"replicate_source_db":null,"restore_to_point_in_time":[],"s3_import":[],"skip_final_snapshot":true,"storage_encrypted":null,"tags":null,"timeouts":null,"username":"admin"},"sensitive_values":{"blue_green_update":[],"listener_endpoint":[],"master_user_secret":[],"replicas":[],"restore_to_point_in_time":[],"s3_import":[],"tags_all":{},"vpc_security_group_ids":[]}},{"address":"aws_db_subnet_group.dbsubnet","mode":"managed","type":"aws_db_subnet_group","name":"dbsubnet","provider_name":"registry.terraform.io/hashicorp/aws","schema_version":0,"values":{"description":"Managed by Terraform","name":"dbsubnet","tags":null},"sensitive_values":{"subnet_ids":[],"supported_network_types":[],"tags_all":{}}},{"address":"aws_instance.instance1","mode":"managed","type":"aws_instance","name":"instance1","provider_name":"registry.terraform.io/hashicorp/aws","schema_version":1,"values":{"ami":"ami-0b0dcb5067f052a63","associate_public_ip_address":true,"availability_zone":"ap-south-1a","credit_specification":[],"get_password_data":false,"hibernation":null,"instance_type":"t2.micro","key_name":"KeyPair","launch_template":[],"source_dest_check":true,"tags":{"Name":"ec2instance1"},"tags_all":{"Name":"ec2instance1"},"timeouts":null,"user_data":"2bdf0dcb22e32bf31880f0d7f606cc3da628ef5a","user_data_replace_on_change":false,"volume_tags":null},"sensitive_values":{"capacity_reservation_specification":[],"cpu_options":[],"credit_specification":[],"ebs_block_device":[],"enclave_options":[],"ephemeral_block_device":[],"instance_market_options":[],"ipv6_addresses":[],"launch_template":[],"maintenance_options":[],"metadata_options":[],"network_interface":[],"private_dns_name_options":[],"root_block_device":[],"secondary_private_ips":[],"security_groups":[],"tags":{},"tags_all":{},"vpc_security_group_ids":[]}},{"address":"aws_instance.instance2","mode":"managed","type":"aws_instance","name":"instance2","provider_name":"registry.terraform.io/hashicorp/aws","schema_version":1,"values":{"ami":"ami-0b0dcb5067f052a63","associate_public_ip_address":true,"availability_zone":"ap-south-1b","credit_specification":[],"get_password_data":false,"hibernation":null,"instance_type":"t2.micro","key_name":"KeyPair","launch_template":[],"source_dest_check":true,"tags":{"Name":"ec2instance2"},"tags_all":{"Name":"ec2instance2"},"timeouts":null,"user_data":"ed5fa54521e5d0b43c85e1a7c3ffa88fcc995cf9","user_data_replace_on_change":false,"volume_tags":null},"sensitive_values":{"capacity_reservation_specification":[],"cpu_options":[],"credit_specification":[],"ebs_block_device":[],"enclave_options":[],"ephemeral_block_device":[],"instance_market_options":[],"ipv6_addresses":[],"launch_template":[],"maintenance_options":[],"metadata_options":[],"network_interface":[],"private_dns_name_options":[],"root_block_device":[],"secondary_private_ips":[],"security_groups":[],"tags":{},"tags_all":{},"vpc_security_group_ids":[]}},{"address":"aws_internet_gateway.ig","mode":"managed","type":"aws_internet_gateway","name":"ig","provider_name":"registry.terraform.io/hashicorp/aws","schema_version":0,"values":{"tags":{"Name":"two-tier-project"},"tags_all":{"Name":"two-tier-project"},"timeouts":null},"sensitive_values":{"tags":{},"tags_all":{}}},{"address":"aws_lb.alb","mode":"managed","type":"aws_lb","name":"alb","provider_name":"registry.terraform.io/hashicorp/aws","schema_version":0,"values":{"access_logs":[],"customer_owned_ipv4_pool":null,"desync_mitigation_mode":"defensive","drop_invalid_header_fields":false,"enable_cross_zone_load_balancing":null,"enable_deletion_protection":false,"enable_http2":true,"enable_tls_version_and_cipher_suite_headers":false,"enable_waf_fail_open":false,"enable_xff_client_port":false,"idle_timeout":60,"internal":false,"load_balancer_type":"application","name":"alb","name_prefix":null,"preserve_host_header":false,"tags":null,"timeouts":null,"xff_header_processing_mode":"append"},"sensitive_values":{"access_logs":[],"security_groups":[],"subnet_mapping":[],"subnets":[],"tags_all":{}}},{"address":"aws_lb_listener.lblisten","mode":"managed","type":"aws_lb_listener","name":"lblisten","provider_name":"registry.terraform.io/hashicorp/aws","schema_version":0,"values":{"alpn_policy":null,"certificate_arn":null,"default_action":[{"authenticate_cognito":[],"authenticate_oidc":[],"fixed_response":[],"forward":[],"redirect":[],"type":"forward"}],"port":80,"protocol":"HTTP","tags":null,"timeouts":null},"sensitive_values":{"default_action":[{"authenticate_cognito":[],"authenticate_oidc":[],"fixed_response":[],"forward":[],"redirect":[]}],"tags_all":{}}},{"address":"aws_lb_target_group.albtg","mode":"managed","type":"aws_lb_target_group","name":"albtg","provider_name":"registry.terraform.io/hashicorp/aws","schema_version":0,"values":{"connection_termination":false,"deregistration_delay":"300","lambda_multi_value_headers_enabled":false,"name":"albtg","name_prefix":null,"port":80,"protocol":"HTTP","proxy_protocol_v2":false,"slow_start":0,"tags":null,"target_type":"instance"},"sensitive_values":{"health_check":[],"stickiness":[],"tags_all":{},"target_failover":[]}},{"address":"aws_lb_target_group_attachment.tg_attach2","mode":"managed","type":"aws_lb_target_group_attachment","name":"tg_attach2","provider_name":"registry.terraform.io/hashicorp/aws","schema_version":0,"values":{"availability_zone":null,"port":80},"sensitive_values":{}},{"address":"aws_lb_target_group_attachment.tgattach1","mode":"managed","type":"aws_lb_target_group_attachment","name":"tgattach1","provider_name":"registry.terraform.io/hashicorp/aws","schema_version":0,"values":{"availability_zone":null,"port":80},"sensitive_values":{}},{"address":"aws_route_table.rt","mode":"managed","type":"aws_route_table","name":"rt","provider_name":"registry.terraform.io/hashicorp/aws","schema_version":0,"values":{"route":[{"carrier_gateway_id":"","cidr_block":"0.0.0.0/0","core_network_arn":"","destination_prefix_list_id":"","egress_only_gateway_id":"","ipv6_cidr_block":"","local_gateway_id":"","nat_gateway_id":"","network_interface_id":"","transit_gateway_id":"","vpc_endpoint_id":"","vpc_peering_connection_id":""}],"tags":{"Name":"routetable"},"tags_all":{"Name":"routetable"},"timeouts":null},"sensitive_values":{"propagating_vgws":[],"route":[{}],"tags":{},"tags_all":{}}},{"address":"aws_route_table_association.route1","mode":"managed","type":"aws_route_table_association","name":"route1","provider_name":"registry.terraform.io/hashicorp/aws","schema_version":0,"values":{"gateway_id":null,"timeouts":null},"sensitive_values":{}},{"address":"aws_route_table_association.route2","mode":"managed","type":"aws_route_table_association","name":"route2","provider_name":"registry.terraform.io/hashicorp/aws","schema_version":0,"values":{"gateway_id":null,"timeouts":null},"sensitive_values":{}},{"address":"aws_security_group.albsg","mode":"managed","type":"aws_security_group","name":"albsg","provider_name":"registry.terraform.io/hashicorp/aws","schema_version":1,"values":{"description":"ALB Security Group","egress":[{"cidr_blocks":["0.0.0.0/0"],"description":"","from_port":0,"ipv6_cidr_blocks":[],"prefix_list_ids":[],"protocol":"-1","security_groups":[],"self":false,"to_port":0}],"ingress":[{"cidr_blocks":["0.0.0.0/0"],"description":"","from_port":0,"ipv6_cidr_blocks":[],"prefix_list_ids":[],"protocol":"-1","security_groups":[],"self":false,"to_port":0}],"name":"albsg","revoke_rules_on_delete":false,"tags":null,"timeouts":null},"sensitive_values":{"egress":[{"cidr_blocks":[false],"ipv6_cidr_blocks":[],"prefix_list_ids":[],"security_groups":[]}],"ingress":[{"cidr_blocks":[false],"ipv6_cidr_blocks":[],"prefix_list_ids":[],"security_groups":[]}],"tags_all":{}}},{"address":"aws_security_group.privatesg","mode":"managed","type":"aws_security_group","name":"privatesg","provider_name":"registry.terraform.io/hashicorp/aws","schema_version":1,"values":{"description":"Allow traffic","egress":[{"cidr_blocks":["0.0.0.0/0"],"description":"","from_port":0,"ipv6_cidr_blocks":[],"prefix_list_ids":[],"protocol":"-1","security_groups":[],"self":false,"to_port":0}],"ingress":[{"cidr_blocks":["0.0.0.0/0"],"description":"","from_port":22,"ipv6_cidr_blocks":[],"prefix_list_ids":[],"protocol":"tcp","security_groups":[],"self":false,"to_port":22},{"cidr_blocks":["10.0.0.0/16"],"description":"","from_port":3306,"ipv6_cidr_blocks":[],"prefix_list_ids":[],"protocol":"tcp","self":false,"to_port":3306}],"name":"privatesg","revoke_rules_on_delete":false,"tags":null,"timeouts":null},"sensitive_values":{"egress":[{"cidr_blocks":[false],"ipv6_cidr_blocks":[],"prefix_list_ids":[],"security_groups":[]}],"ingress":[{"cidr_blocks":[false],"ipv6_cidr_blocks":[],"prefix_list_ids":[],"security_groups":[]},{"cidr_blocks":[false],"ipv6_cidr_blocks":[],"prefix_list_ids":[],"security_groups":[]}],"tags_all":{}}},{"address":"aws_security_group.publicsg","mode":"managed","type":"aws_security_group","name":"publicsg","provider_name":"registry.terraform.io/hashicorp/aws","schema_version":1,"values":{"description":"Allow traffic","egress":[{"cidr_blocks":["0.0.0.0/0"],"description":"","from_port":0,"ipv6_cidr_blocks":[],"prefix_list_ids":[],"protocol":"-1","security_groups":[],"self":false,"to_port":0}],"ingress":[{"cidr_blocks":["0.0.0.0/0"],"description":"","from_port":22,"ipv6_cidr_blocks":[],"prefix_list_ids":[],"protocol":"tcp","security_groups":[],"self":false,"to_port":22},{"cidr_blocks":["0.0.0.0/0"],"description":"","from_port":80,"ipv6_cidr_blocks":[],"prefix_list_ids":[],"protocol":"tcp","security_groups":[],"self":false,"to_port":80}],"name":"publicsg","revoke_rules_on_delete":false,"tags":null,"timeouts":null},"sensitive_values":{"egress":[{"cidr_blocks":[false],"ipv6_cidr_blocks":[],"prefix_list_ids":[],"security_groups":[]}],"ingress":[{"cidr_blocks":[false],"ipv6_cidr_blocks":[],"prefix_list_ids":[],"security_groups":[]},{"cidr_blocks":[false],"ipv6_cidr_blocks":[],"prefix_list_ids":[],"security_groups":[]}],"tags_all":{}}},{"address":"aws_subnet.private1","mode":"managed","type":"aws_subnet","name":"private1","provider_name":"registry.terraform.io/hashicorp/aws","schema_version":1,"values":{"assign_ipv6_address_on_creation":false,"availability_zone":"ap-south-1a","cidr_block":"10.0.3.0/24","customer_owned_ipv4_pool":null,"enable_dns64":false,"enable_lni_at_device_index":null,"enable_resource_name_dns_a_record_on_launch":false,"enable_resource_name_dns_aaaa_record_on_launch":false,"ipv6_cidr_block":null,"ipv6_native":false,"map_customer_owned_ip_on_launch":null,"map_public_ip_on_launch":false,"outpost_arn":null,"tags":{"Name":"1private"},"tags_all":{"Name":"1private"},"timeouts":null},"sensitive_values":{"tags":{},"tags_all":{}}},{"address":"aws_subnet.private2","mode":"managed","type":"aws_subnet","name":"private2","provider_name":"registry.terraform.io/hashicorp/aws","schema_version":1,"values":{"assign_ipv6_address_on_creation":false,"availability_zone":"ap-south-1b","cidr_block":"10.0.4.0/24","customer_owned_ipv4_pool":null,"enable_dns64":false,"enable_lni_at_device_index":null,"enable_resource_name_dns_a_record_on_launch":false,"enable_resource_name_dns_aaaa_record_on_launch":false,"ipv6_cidr_block":null,"ipv6_native":false,"map_customer_owned_ip_on_launch":null,"map_public_ip_on_launch":false,"outpost_arn":null,"tags":{"Name":"2private"},"tags_all":{"Name":"2private"},"timeouts":null},"sensitive_values":{"tags":{},"tags_all":{}}},{"address":"aws_subnet.public1","mode":"managed","type":"aws_subnet","name":"public1","provider_name":"registry.terraform.io/hashicorp/aws","schema_version":1,"values":{"assign_ipv6_address_on_creation":false,"availability_zone":"ap-south-1a","cidr_block":"10.0.1.0/24","customer_owned_ipv4_pool":null,"enable_dns64":false,"enable_lni_at_device_index":null,"enable_resource_name_dns_a_record_on_launch":false,"enable_resource_name_dns_aaaa_record_on_launch":false,"ipv6_cidr_block":null,"ipv6_native":false,"map_customer_owned_ip_on_launch":null,"map_public_ip_on_launch":true,"outpost_arn":null,"tags":{"Name":"1public"},"tags_all":{"Name":"1public"},"timeouts":null},"sensitive_values":{"tags":{},"tags_all":{}}},{"address":"aws_subnet.public2","mode":"managed","type":"aws_subnet","name":"public2","provider_name":"registry.terraform.io/hashicorp/aws","schema_version":1,"values":{"assign_ipv6_address_on_creation":false,"availability_zone":"ap-south-1b","cidr_block":"10.0.2.0/24","customer_owned_ipv4_pool":null,"enable_dns64":false,"enable_lni_at_device_index":null,"enable_resource_name_dns_a_record_on_launch":false,"enable_resource_name_dns_aaaa_record_on_launch":false,"ipv6_cidr_block":null,"ipv6_native":false,"map_customer_owned_ip_on_launch":null,"map_public_ip_on_launch":true,"outpost_arn":null,"tags":{"Name":"2public"},"tags_all":{"Name":"2public"},"timeouts":null},"sensitive_values":{"tags":{},"tags_all":{}}},{"address":"aws_vpc.vpc","mode":"managed","type":"aws_vpc","name":"vpc","provider_name":"registry.terraform.io/hashicorp/aws","schema_version":1,"values":{"assign_generated_ipv6_cidr_block":null,"cidr_block":"10.0.0.0/16","enable_dns_support":true,"instance_tenancy":"default","ipv4_ipam_pool_id":null,"ipv4_netmask_length":null,"ipv6_ipam_pool_id":null,"ipv6_netmask_length":null,"tags":{"Name":"projectvpc"},"tags_all":{"Name":"projectvpc"}},"sensitive_values":{"tags":{},"tags_all":{}}}]}},"resource_changes":[{"address":"aws_db_instance.dbinstance","mode":"managed","type":"aws_db_instance","name":"dbinstance","provider_name":"registry.terraform.io/hashicorp/aws","change":{"actions":["create"],"before":null,"after":{"allocated_storage":5,"allow_major_version_upgrade":null,"apply_immediately":false,"auto_minor_version_upgrade":true,"blue_green_update":[],"copy_tags_to_snapshot":false,"custom_iam_instance_profile":null,"customer_owned_ip_enabled":null,"db_name":"db","delete_automated_backups":true,"deletion_protection":null,"domain":null,"domain_iam_role_name":null,"enabled_cloudwatch_logs_exports":null,"engine":"mysql","engine_version":"5.7","final_snapshot_identifier":null,"iam_database_authentication_enabled":null,"identifier":"dbinstance","instance_class":"db.t2.micro","manage_master_user_password":null,"max_allocated_storage":null,"monitoring_interval":0,"password":"password","performance_insights_enabled":false,"publicly_accessible":false,"replicate_source_db":null,"restore_to_point_in_time":[],"s3_import":[],"skip_final_snapshot":true,"storage_encrypted":null,"tags":null,"timeouts":null,"username":"admin"},"after_unknown":{"address":true,"arn":true,"availability_zone":true,"backup_retention_period":true,"backup_window":true,"blue_green_update":[],"ca_cert_identifier":true,"character_set_name":true,"db_subnet_group_name":true,"endpoint":true,"engine_version_actual":true,"hosted_zone_id":true,"id":true,"identifier_prefix":true,"iops":true,"kms_key_id":true,"latest_restorable_time":true,"license_model":true,"listener_endpoint":true,"maintenance_window":true,"master_user_secret":true,"master_user_secret_kms_key_id":true,"monitoring_role_arn":true,"multi_az":true,"nchar_character_set_name":true,"network_type":true,"option_group_name":true,"parameter_group_name":true,"performance_insights_kms_key_id":true,"performance_insights_retention_period":true,"port":true,"replica_mode":true,"replicas":true,"resource_id":true,"restore_to_point_in_time":[],"s3_import":[],"snapshot_identifier":true,"status":true,"storage_throughput":true,"storage_type":true,"tags_all":true,"timezone":true,"vpc_security_group_ids":true},"before_sensitive":false,"after_sensitive":{"blue_green_update":[],"listener_endpoint":[],"master_user_secret":[],"password":true,"replicas":[],"restore_to_point_in_time":[],"s3_import":[],"tags_all":{},"vpc_security_group_ids":[]}}},{"address":"aws_db_subnet_group.dbsubnet","mode":"managed","type":"aws_db_subnet_group","name":"dbsubnet","provider_name":"registry.terraform.io/hashicorp/aws","change":{"actions":["create"],"before":null,"after":{"description":"Managed by Terraform","name":"dbsubnet","tags":null},"after_unknown":{"arn":true,"id":true,"name_prefix":true,"subnet_ids":true,"supported_network_types":true,"tags_all":true,"vpc_id":true},"before_sensitive":false,"after_sensitive":{"subnet_ids":[],"supported_network_types":[],"tags_all":{}}}},{"address":"aws_instance.instance1","mode":"managed","type":"aws_instance","name":"instance1","provider_name":"registry.terraform.io/hashicorp/aws","change":{"actions":["create"],"before":null,"after":{"ami":"ami-0b0dcb5067f052a63","associate_public_ip_address":true,"availability_zone":"ap-south-1a","credit_specification":[],"get_password_data":false,"hibernation":null,"instance_type":"t2.micro","key_name":"KeyPair","launch_template":[],"source_dest_check":true,"tags":{"Name":"ec2instance1"},"tags_all":{"Name":"ec2instance1"},"timeouts":null,"user_data":"2bdf0dcb22e32bf31880f0d7f606cc3da628ef5a","user_data_replace_on_change":false,"volume_tags":null},"after_unknown":{"arn":true,"capacity_reservation_specification":true,"cpu_core_count":true,"cpu_options":true,"cpu_threads_per_core":true,"credit_specification":[],"disable_api_stop":true,"disable_api_termination":true,"ebs_block_device":true,"ebs_optimized":true,"enclave_options":true,"ephemeral_block_device":true,"host_id":true,"host_resource_group_arn":true,"iam_instance_profile":true,"id":true,"instance_initiated_shutdown_behavior":true,"instance_lifecycle":true,"instance_market_options":true,"instance_state":true,"ipv6_address_count":true,"ipv6_addresses":true,"launch_template":[],"maintenance_options":true,"metadata_options":true,"monitoring":true,"network_interface":true,"outpost_arn":true,"password_data":true,"placement_group":true,"placement_partition_number":true,"primary_network_interface_id":true,"private_dns":true,"private_dns_name_options":true,"private_ip":true,"public_dns":true,"public_ip":true,"root_block_device":true,"secondary_private_ips":true,"security_groups":true,"spot_instance_request_id":true,"subnet_id":true,"tags":{},"tags_all":{},"tenancy":true,"user_data_base64":true,"vpc_security_group_ids":true},"before_sensitive":false,"after_sensitive":{"capacity_reservation_specification":[],"cpu_options":[],"credit_specification":[],"ebs_block_device":[],"enclave_options":[],"ephemeral_block_device":[],"instance_market_options":[],"ipv6_addresses":[],"launch_template":[],"maintenance_options":[],"metadata_options":[],"network_interface":[],"private_dns_name_options":[],"root_block_device":[],"secondary_private_ips":[],"security_groups":[],"tags":{},"tags_all":{},"vpc_security_group_ids":[]}}},{"address":"aws_instance.instance2","mode":"managed","type":"aws_instance","name":"instance2","provider_name":"registry.terraform.io/hashicorp/aws","change":{"actions":["create"],"before":null,"after":{"ami":"ami-0b0dcb5067f052a63","associate_public_ip_address":true,"availability_zone":"ap-south-1b","credit_specification":[],"get_password_data":false,"hibernation":null,"instance_type":"t2.micro","key_name":"KeyPair","launch_template":[],"source_dest_check":true,"tags":{"Name":"ec2instance2"},"tags_all":{"Name":"ec2instance2"},"timeouts":null,"user_data":"ed5fa54521e5d0b43c85e1a7c3ffa88fcc995cf9","user_data_replace_on_change":false,"volume_tags":null},"after_unknown":{"arn":true,"capacity_reservation_specification":true,"cpu_core_count":true,"cpu_options":true,"cpu_threads_per_core":true,"credit_specification":[],"disable_api_stop":true,"disable_api_termination":true,"ebs_block_device":true,"ebs_optimized":true,"enclave_options":true,"ephemeral_block_device":true,"host_id":true,"host_resource_group_arn":true,"iam_instance_profile":true,"id":true,"instance_initiated_shutdown_behavior":true,"instance_lifecycle":true,"instance_market_options":true,"instance_state":true,"ipv6_address_count":true,"ipv6_addresses":true,"launch_template":[],"maintenance_options":true,"metadata_options":true,"monitoring":true,"network_interface":true,"outpost_arn":true,"password_data":true,"placement_group":true,"placement_partition_number":true,"primary_network_interface_id":true,"private_dns":true,"private_dns_name_options":true,"private_ip":true,"public_dns":true,"public_ip":true,"root_block_device":true,"secondary_private_ips":true,"security_groups":true,"spot_instance_request_id":true,"subnet_id":true,"tags":{},"tags_all":{},"tenancy":true,"user_data_base64":true,"vpc_security_group_ids":true},"before_sensitive":false,"after_sensitive":{"capacity_reservation_specification":[],"cpu_options":[],"credit_specification":[],"ebs_block_device":[],"enclave_options":[],"ephemeral_block_device":[],"instance_market_options":[],"ipv6_addresses":[],"launch_template":[],"maintenance_options":[],"metadata_options":[],"network_interface":[],"private_dns_name_options":[],"root_block_device":[],"secondary_private_ips":[],"security_groups":[],"tags":{},"tags_all":{},"vpc_security_group_ids":[]}}},{"address":"aws_internet_gateway.ig","mode":"managed","type":"aws_internet_gateway","name":"ig","provider_name":"registry.terraform.io/hashicorp/aws","change":{"actions":["create"],"before":null,"after":{"tags":{"Name":"two-tier-project"},"tags_all":{"Name":"two-tier-project"},"timeouts":null},"after_unknown":{"arn":true,"id":true,"owner_id":true,"tags":{},"tags_all":{},"vpc_id":true},"before_sensitive":false,"after_sensitive":{"tags":{},"tags_all":{}}}},{"address":"aws_lb.alb","mode":"managed","type":"aws_lb","name":"alb","provider_name":"registry.terraform.io/hashicorp/aws","change":{"actions":["create"],"before":null,"after":{"access_logs":[],"customer_owned_ipv4_pool":null,"desync_mitigation_mode":"defensive","drop_invalid_header_fields":false,"enable_cross_zone_load_balancing":null,"enable_deletion_protection":false,"enable_http2":true,"enable_tls_version_and_cipher_suite_headers":false,"enable_waf_fail_open":false,"enable_xff_client_port":false,"idle_timeout":60,"internal":false,"load_balancer_type":"application","name":"alb","name_prefix":null,"preserve_host_header":false,"tags":null,"timeouts":null,"xff_header_processing_mode":"append"},"after_unknown":{"access_logs":[],"arn":true,"arn_suffix":true,"dns_name":true,"id":true,"ip_address_type":true,"security_groups":true,"subnet_mapping":true,"subnets":true,"tags_all":true,"vpc_id":true,"zone_id":true},"before_sensitive":false,"after_sensitive":{"access_logs":[],"security_groups":[],"subnet_mapping":[],"subnets":[],"tags_all":{}}}},{"address":"aws_lb_listener.lblisten","mode":"managed","type":"aws_lb_listener","name":"lblisten","provider_name":"registry.terraform.io/hashicorp/aws","change":{"actions":["create"],"before":null,"after":{"alpn_policy":null,"certificate_arn":null,"default_action":[{"authenticate_cognito":[],"authenticate_oidc":[],"fixed_response":[],"forward":[],"redirect":[],"type":"forward"}],"port":80,"protocol":"HTTP","tags":null,"timeouts":null},"after_unknown":{"arn":true,"default_action":[{"authenticate_cognito":[],"authenticate_oidc":[],"fixed_response":[],"forward":[],"order":true,"redirect":[],"target_group_arn":true}],"id":true,"load_balancer_arn":true,"ssl_policy":true,"tags_all":true},"before_sensitive":false,"after_sensitive":{"default_action":[{"authenticate_cognito":[],"authenticate_oidc":[],"fixed_response":[],"forward":[],"redirect":[]}],"tags_all":{}}}},{"address":"aws_lb_target_group.albtg","mode":"managed","type":"aws_lb_target_group","name":"albtg","provider_name":"registry.terraform.io/hashicorp/aws","change":{"actions":["create"],"before":null,"after":{"connection_termination":false,"deregistration_delay":"300","lambda_multi_value_headers_enabled":false,"name":"albtg","name_prefix":null,"port":80,"protocol":"HTTP","proxy_protocol_v2":false,"slow_start":0,"tags":null,"target_type":"instance"},"after_unknown":{"arn":true,"arn_suffix":true,"health_check":true,"id":true,"ip_address_type":true,"load_balancing_algorithm_type":true,"load_balancing_cross_zone_enabled":true,"preserve_client_ip":true,"protocol_version":true,"stickiness":true,"tags_all":true,"target_failover":true,"vpc_id":true},"before_sensitive":false,"after_sensitive":{"health_check":[],"stickiness":[],"tags_all":{},"target_failover":[]}}},{"address":"aws_lb_target_group_attachment.tg_attach2","mode":"managed","type":"aws_lb_target_group_attachment","name":"tg_attach2","provider_name":"registry.terraform.io/hashicorp/aws","change":{"actions":["create"],"before":null,"after":{"availability_zone":null,"port":80},"after_unknown":{"id":true,"target_group_arn":true,"target_id":true},"before_sensitive":false,"after_sensitive":{}}},{"address":"aws_lb_target_group_attachment.tgattach1","mode":"managed","type":"aws_lb_target_group_attachment","name":"tgattach1","provider_name":"registry.terraform.io/hashicorp/aws","change":{"actions":["create"],"before":null,"after":{"availability_zone":null,"port":80},"after_unknown":{"id":true,"target_group_arn":true,"target_id":true},"before_sensitive":false,"after_sensitive":{}}},{"address":"aws_route_table.rt","mode":"managed","type":"aws_route_table","name":"rt","provider_name":"registry.terraform.io/hashicorp/aws","change":{"actions":["create"],"before":null,"after":{"route":[{"carrier_gateway_id":"","cidr_block":"0.0.0.0/0","core_network_arn":"","destination_prefix_list_id":"","egress_only_gateway_id":"","ipv6_cidr_block":"","local_gateway_id":"","nat_gateway_id":"","network_interface_id":"","transit_gateway_id":"","vpc_endpoint_id":"","vpc_peering_connection_id":""}],"tags":{"Name":"routetable"},"tags_all":{"Name":"routetable"},"timeouts":null},"after_unknown":{"arn":true,"id":true,"owner_id":true,"propagating_vgws":true,"route":[{"gateway_id":true}],"tags":{},"tags_all":{},"vpc_id":true},"before_sensitive":false,"after_sensitive":{"propagating_vgws":[],"route":[{}],"tags":{},"tags_all":{}}}},{"address":"aws_route_table_association.route1","mode":"managed","type":"aws_route_table_association","name":"route1","provider_name":"registry.terraform.io/hashicorp/aws","change":{"actions":["create"],"before":null,"after":{"gateway_id":null,"timeouts":null},"after_unknown":{"id":true,"route_table_id":true,"subnet_id":true},"before_sensitive":false,"after_sensitive":{}}},{"address":"aws_route_table_association.route2","mode":"managed","type":"aws_route_table_association","name":"route2","provider_name":"registry.terraform.io/hashicorp/aws","change":{"actions":["create"],"before":null,"after":{"gateway_id":null,"timeouts":null},"after_unknown":{"id":true,"route_table_id":true,"subnet_id":true},"before_sensitive":false,"after_sensitive":{}}},{"address":"aws_security_group.albsg","mode":"managed","type":"aws_security_group","name":"albsg","provider_name":"registry.terraform.io/hashicorp/aws","change":{"actions":["create"],"before":null,"after":{"description":"ALB Security Group","egress":[{"cidr_blocks":["0.0.0.0/0"],"description":"","from_port":0,"ipv6_cidr_blocks":[],"prefix_list_ids":[],"protocol":"-1","security_groups":[],"self":false,"to_port":0}],"ingress":[{"cidr_blocks":["0.0.0.0/0"],"description":"","from_port":0,"ipv6_cidr_blocks":[],"prefix_list_ids":[],"protocol":"-1","security_groups":[],"self":false,"to_port":0}],"name":"albsg","revoke_rules_on_delete":false,"tags":null,"timeouts":null},"after_unknown":{"arn":true,"egress":[{"cidr_blocks":[false],"ipv6_cidr_blocks":[],"prefix_list_ids":[],"security_groups":[]}],"id":true,"ingress":[{"cidr_blocks":[false],"ipv6_cidr_blocks":[],"prefix_list_ids":[],"security_groups":[]}],"name_prefix":true,"owner_id":true,"tags_all":true,"vpc_id":true},"before_sensitive":false,"after_sensitive":{"egress":[{"cidr_blocks":[false],"ipv6_cidr_blocks":[],"prefix_list_ids":[],"security_groups":[]}],"ingress":[{"cidr_blocks":[false],"ipv6_cidr_blocks":[],"prefix_list_ids":[],"security_groups":[]}],"tags_all":{}}}},{"address":"aws_security_group.privatesg","mode":"managed","type":"aws_security_group","name":"privatesg","provider_name":"registry.terraform.io/hashicorp/aws","change":{"actions":["create"],"before":null,"after":{"description":"Allow traffic","egress":[{"cidr_blocks":["0.0.0.0/0"],"description":"","from_port":0,"ipv6_cidr_blocks":[],"prefix_list_ids":[],"protocol":"-1","security_groups":[],"self":false,"to_port":0}],"ingress":[{"cidr_blocks":["0.0.0.0/0"],"description":"","from_port":22,"ipv6_cidr_blocks":[],"prefix_list_ids":[],"protocol":"tcp","security_groups":[],"self":false,"to_port":22},{"cidr_blocks":["10.0.0.0/16"],"description":"","from_port":3306,"ipv6_cidr_blocks":[],"prefix_list_ids":[],"protocol":"tcp","self":false,"to_port":3306}],"name":"privatesg","revoke_rules_on_delete":false,"tags":null,"timeouts":null},"after_unknown":{"arn":true,"egress":[{"cidr_blocks":[false],"ipv6_cidr_blocks":[],"prefix_list_ids":[],"security_groups":[]}],"id":true,"ingress":[{"cidr_blocks":[false],"ipv6_cidr_blocks":[],"prefix_list_ids":[],"security_groups":[]},{"cidr_blocks":[false],"ipv6_cidr_blocks":[],"prefix_list_ids":[],"security_groups":true}],"name_prefix":true,"owner_id":true,"tags_all":true,"vpc_id":true},"before_sensitive":false,"after_sensitive":{"egress":[{"cidr_blocks":[false],"ipv6_cidr_blocks":[],"prefix_list_ids":[],"security_groups":[]}],"ingress":[{"cidr_blocks":[false],"ipv6_cidr_blocks":[],"prefix_list_ids":[],"security_groups":[]},{"cidr_blocks":[false],"ipv6_cidr_blocks":[],"prefix_list_ids":[],"security_groups":[]}],"tags_all":{}}}},{"address":"aws_security_group.publicsg","mode":"managed","type":"aws_security_group","name":"publicsg","provider_name":"registry.terraform.io/hashicorp/aws","change":{"actions":["create"],"before":null,"after":{"description":"Allow traffic","egress":[{"cidr_blocks":["0.0.0.0/0"],"description":"","from_port":0,"ipv6_cidr_blocks":[],"prefix_list_ids":[],"protocol":"-1","security_groups":[],"self":false,"to_port":0}],"ingress":[{"cidr_blocks":["0.0.0.0/0"],"description":"","from_port":22,"ipv6_cidr_blocks":[],"prefix_list_ids":[],"protocol":"tcp","security_groups":[],"self":false,"to_port":22},{"cidr_blocks":["0.0.0.0/0"],"description":"","from_port":80,"ipv6_cidr_blocks":[],"prefix_list_ids":[],"protocol":"tcp","security_groups":[],"self":false,"to_port":80}],"name":"publicsg","revoke_rules_on_delete":false,"tags":null,"timeouts":null},"after_unknown":{"arn":true,"egress":[{"cidr_blocks":[false],"ipv6_cidr_blocks":[],"prefix_list_ids":[],"security_groups":[]}],"id":true,"ingress":[{"cidr_blocks":[false],"ipv6_cidr_blocks":[],"prefix_list_ids":[],"security_groups":[]},{"cidr_blocks":[false],"ipv6_cidr_blocks":[],"prefix_list_ids":[],"security_groups":[]}],"name_prefix":true,"owner_id":true,"tags_all":true,"vpc_id":true},"before_sensitive":false,"after_sensitive":{"egress":[{"cidr_blocks":[false],"ipv6_cidr_blocks":[],"prefix_list_ids":[],"security_groups":[]}],"ingress":[{"cidr_blocks":[false],"ipv6_cidr_blocks":[],"prefix_list_ids":[],"security_groups":[]},{"cidr_blocks":[false],"ipv6_cidr_blocks":[],"prefix_list_ids":[],"security_groups":[]}],"tags_all":{}}}},{"address":"aws_subnet.private1","mode":"managed","type":"aws_subnet","name":"private1","provider_name":"registry.terraform.io/hashicorp/aws","change":{"actions":["create"],"before":null,"after":{"assign_ipv6_address_on_creation":false,"availability_zone":"ap-south-1a","cidr_block":"10.0.3.0/24","customer_owned_ipv4_pool":null,"enable_dns64":false,"enable_lni_at_device_index":null,"enable_resource_name_dns_a_record_on_launch":false,"enable_resource_name_dns_aaaa_record_on_launch":false,"ipv6_cidr_block":null,"ipv6_native":false,"map_customer_owned_ip_on_launch":null,"map_public_ip_on_launch":false,"outpost_arn":null,"tags":{"Name":"1private"},"tags_all":{"Name":"1private"},"timeouts":null},"after_unknown":{"arn":true,"availability_zone_id":true,"id":true,"ipv6_cidr_block_association_id":true,"owner_id":true,"private_dns_hostname_type_on_launch":true,"tags":{},"tags_all":{},"vpc_id":true},"before_sensitive":false,"after_sensitive":{"tags":{},"tags_all":{}}}},{"address":"aws_subnet.private2","mode":"managed","type":"aws_subnet","name":"private2","provider_name":"registry.terraform.io/hashicorp/aws","change":{"actions":["create"],"before":null,"after":{"assign_ipv6_address_on_creation":false,"availability_zone":"ap-south-1b","cidr_block":"10.0.4.0/24","customer_owned_ipv4_pool":null,"enable_dns64":false,"enable_lni_at_device_index":null,"enable_resource_name_dns_a_record_on_launch":false,"enable_resource_name_dns_aaaa_record_on_launch":false,"ipv6_cidr_block":null,"ipv6_native":false,"map_customer_owned_ip_on_launch":null,"map_public_ip_on_launch":false,"outpost_arn":null,"tags":{"Name":"2private"},"tags_all":{"Name":"2private"},"timeouts":null},"after_unknown":{"arn":true,"availability_zone_id":true,"id":true,"ipv6_cidr_block_association_id":true,"owner_id":true,"private_dns_hostname_type_on_launch":true,"tags":{},"tags_all":{},"vpc_id":true},"before_sensitive":false,"after_sensitive":{"tags":{},"tags_all":{}}}},{"address":"aws_subnet.public1","mode":"managed","type":"aws_subnet","name":"public1","provider_name":"registry.terraform.io/hashicorp/aws","change":{"actions":["create"],"before":null,"after":{"assign_ipv6_address_on_creation":false,"availability_zone":"ap-south-1a","cidr_block":"10.0.1.0/24","customer_owned_ipv4_pool":null,"enable_dns64":false,"enable_lni_at_device_index":null,"enable_resource_name_dns_a_record_on_launch":false,"enable_resource_name_dns_aaaa_record_on_launch":false,"ipv6_cidr_block":null,"ipv6_native":false,"map_customer_owned_ip_on_launch":null,"map_public_ip_on_launch":true,"outpost_arn":null,"tags":{"Name":"1public"},"tags_all":{"Name":"1public"},"timeouts":null},"after_unknown":{"arn":true,"availability_zone_id":true,"id":true,"ipv6_cidr_block_association_id":true,"owner_id":true,"private_dns_hostname_type_on_launch":true,"tags":{},"tags_all":{},"vpc_id":true},"before_sensitive":false,"after_sensitive":{"tags":{},"tags_all":{}}}},{"address":"aws_subnet.public2","mode":"managed","type":"aws_subnet","name":"public2","provider_name":"registry.terraform.io/hashicorp/aws","change":{"actions":["create"],"before":null,"after":{"assign_ipv6_address_on_creation":false,"availability_zone":"ap-south-1b","cidr_block":"10.0.2.0/24","customer_owned_ipv4_pool":null,"enable_dns64":false,"enable_lni_at_device_index":null,"enable_resource_name_dns_a_record_on_launch":false,"enable_resource_name_dns_aaaa_record_on_launch":false,"ipv6_cidr_block":null,"ipv6_native":false,"map_customer_owned_ip_on_launch":null,"map_public_ip_on_launch":true,"outpost_arn":null,"tags":{"Name":"2public"},"tags_all":{"Name":"2public"},"timeouts":null},"after_unknown":{"arn":true,"availability_zone_id":true,"id":true,"ipv6_cidr_block_association_id":true,"owner_id":true,"private_dns_hostname_type_on_launch":true,"tags":{},"tags_all":{},"vpc_id":true},"before_sensitive":false,"after_sensitive":{"tags":{},"tags_all":{}}}},{"address":"aws_vpc.vpc","mode":"managed","type":"aws_vpc","name":"vpc","provider_name":"registry.terraform.io/hashicorp/aws","change":{"actions":["create"],"before":null,"after":{"assign_generated_ipv6_cidr_block":null,"cidr_block":"10.0.0.0/16","enable_dns_support":true,"instance_tenancy":"default","ipv4_ipam_pool_id":null,"ipv4_netmask_length":null,"ipv6_ipam_pool_id":null,"ipv6_netmask_length":null,"tags":{"Name":"projectvpc"},"tags_all":{"Name":"projectvpc"}},"after_unknown":{"arn":true,"default_network_acl_id":true,"default_route_table_id":true,"default_security_group_id":true,"dhcp_options_id":true,"enable_dns_hostnames":true,"enable_network_address_usage_metrics":true,"id":true,"ipv6_association_id":true,"ipv6_cidr_block":true,"ipv6_cidr_block_network_border_group":true,"main_route_table_id":true,"owner_id":true,"tags":{},"tags_all":{}},"before_sensitive":false,"after_sensitive":{"tags":{},"tags_all":{}}}}],"configuration":{"provider_config":{"aws":{"name":"aws","full_name":"registry.terraform.io/hashicorp/aws","version_constraint":"5.4.0","expressions":{"region":{"constant_value":"ap-south-1"}}}},"root_module":{"resources":[{"address":"aws_db_instance.dbinstance","mode":"managed","type":"aws_db_instance","name":"dbinstance","provider_config_key":"aws","expressions":{"allocated_storage":{"constant_value":5},"db_name":{"constant_value":"db"},"db_subnet_group_name":{"references":["aws_db_subnet_group.dbsubnet.id","aws_db_subnet_group.dbsubnet"]},"engine":{"constant_value":"mysql"},"engine_version":{"constant_value":"5.7"},"identifier":{"constant_value":"dbinstance"},"instance_class":{"constant_value":"db.t2.micro"},"password":{"constant_value":"password"},"skip_final_snapshot":{"constant_value":true},"username":{"constant_value":"admin"},"vpc_security_group_ids":{"references":["aws_security_group.privatesg.id","aws_security_group.privatesg"]}},"schema_version":2},{"address":"aws_db_subnet_group.dbsubnet","mode":"managed","type":"aws_db_subnet_group","name":"dbsubnet","provider_config_key":"aws","expressions":{"name":{"constant_value":"dbsubnet"},"subnet_ids":{"references":["aws_subnet.private1.id","aws_subnet.private1","aws_subnet.private2.id","aws_subnet.private2"]}},"schema_version":0},{"address":"aws_instance.instance1","mode":"managed","type":"aws_instance","name":"instance1","provider_config_key":"aws","expressions":{"ami":{"constant_value":"ami-0b0dcb5067f052a63"},"associate_public_ip_address":{"constant_value":true},"availability_zone":{"constant_value":"ap-south-1a"},"instance_type":{"constant_value":"t2.micro"},"key_name":{"constant_value":"KeyPair"},"subnet_id":{"references":["aws_subnet.public1.id","aws_subnet.public1"]},"tags":{"constant_value":{"Name":"ec2instance1"}},"user_data":{"constant_value":"#!/bin/bash\nyum update -y\nyum install httpd -y\nsystemctl start httpd\nsystemctl enable httpd\necho \"\u003chtml\u003e\u003cbody\u003e\u003ch1\u003eFirst instance successfully deployed\u003c/h1\u003e\u003c/body\u003e\u003c/html\u003e\" \u003e /var/www/html/index.html\n"},"vpc_security_group_ids":{"references":["aws_security_group.publicsg.id","aws_security_group.publicsg"]}},"schema_version":1},{"address":"aws_instance.instance2","mode":"managed","type":"aws_instance","name":"instance2","provider_config_key":"aws","expressions":{"ami":{"constant_value":"ami-0b0dcb5067f052a63"},"associate_public_ip_address":{"constant_value":true},"availability_zone":{"constant_value":"ap-south-1b"},"instance_type":{"constant_value":"t2.micro"},"key_name":{"constant_value":"KeyPair"},"subnet_id":{"references":["aws_subnet.public2.id","aws_subnet.public2"]},"tags":{"constant_value":{"Name":"ec2instance2"}},"user_data":{"constant_value":"#!/bin/bash\nyum update -y\nyum install httpd -y\nsystemctl start httpd\nsystemctl enable httpd\necho \"\u003chtml\u003e\u003cbody\u003e\u003ch1\u003eSecond instance successfully deployed\u003c/h1\u003e\u003c/body\u003e\u003c/html\u003e\" \u003e /var/www/html/index.html\n"},"vpc_security_group_ids":{"references":["aws_security_group.publicsg.id","aws_security_group.publicsg"]}},"schema_version":1},{"address":"aws_internet_gateway.ig","mode":"managed","type":"aws_internet_gateway","name":"ig","provider_config_key":"aws","expressions":{"tags":{"constant_value":{"Name":"two-tier-project"}},"vpc_id":{"references":["aws_vpc.vpc.id","aws_vpc.vpc"]}},"schema_version":0},{"address":"aws_lb.alb","mode":"managed","type":"aws_lb","name":"alb","provider_config_key":"aws","expressions":{"internal":{"constant_value":false},"load_balancer_type":{"constant_value":"application"},"name":{"constant_value":"alb"},"security_groups":{"references":["aws_security_group.albsg.id","aws_security_group.albsg"]},"subnets":{"references":["aws_subnet.public1.id","aws_subnet.public1","aws_subnet.public2.id","aws_subnet.public2"]}},"schema_version":0},{"address":"aws_lb_listener.lblisten","mode":"managed","type":"aws_lb_listener","name":"lblisten","provider_config_key":"aws","expressions":{"default_action":[{"target_group_arn":{"references":["aws_lb_target_group.albtg.arn","aws_lb_target_group.albtg"]},"type":{"constant_value":"forward"}}],"load_balancer_arn":{"references":["aws_lb.alb.arn","aws_lb.alb"]},"port":{"constant_value":"80"},"protocol":{"constant_value":"HTTP"}},"schema_version":0},{"address":"aws_lb_target_group.albtg","mode":"managed","type":"aws_lb_target_group","name":"albtg","provider_config_key":"aws","expressions":{"name":{"constant_value":"albtg"},"port":{"constant_value":80},"protocol":{"constant_value":"HTTP"},"vpc_id":{"references":["aws_vpc.vpc.id","aws_vpc.vpc"]}},"schema_version":0,"depends_on":["aws_vpc.vpc"]},{"address":"aws_lb_target_group_attachment.tg_attach2","mode":"managed","type":"aws_lb_target_group_attachment","name":"tg_attach2","provider_config_key":"aws","expressions":{"port":{"constant_value":80},"target_group_arn":{"references":["aws_lb_target_group.albtg.arn","aws_lb_target_group.albtg"]},"target_id":{"references":["aws_instance.instance2.id","aws_instance.instance2"]}},"schema_version":0,"depends_on":["aws_instance.instance2"]},{"address":"aws_lb_target_group_attachment.tgattach1","mode":"managed","type":"aws_lb_target_group_attachment","name":"tgattach1","provider_config_key":"aws","expressions":{"port":{"constant_value":80},"target_group_arn":{"references":["aws_lb_target_group.albtg.arn","aws_lb_target_group.albtg"]},"target_id":{"references":["aws_instance.instance1.id","aws_instance.instance1"]}},"schema_version":0,"depends_on":["aws_instance.instance1"]},{"address":"aws_route_table.rt","mode":"managed","type":"aws_route_table","name":"rt","provider_config_key":"aws","expressions":{"route":{"references":["aws_internet_gateway.ig.id","aws_internet_gateway.ig"]},"tags":{"constant_value":{"Name":"routetable"}},"vpc_id":{"references":["aws_vpc.vpc.id","aws_vpc.vpc"]}},"schema_version":0},{"address":"aws_route_table_association.route1","mode":"managed","type":"aws_route_table_association","name":"route1","provider_config_key":"aws","expressions":{"route_table_id":{"references":["aws_route_table.rt.id","aws_route_table.rt"]},"subnet_id":{"references":["aws_subnet.public1.id","aws_subnet.public1"]}},"schema_version":0},{"address":"aws_route_table_association.route2","mode":"managed","type":"aws_route_table_association","name":"route2","provider_config_key":"aws","expressions":{"route_table_id":{"references":["aws_route_table.rt.id","aws_route_table.rt"]},"subnet_id":{"references":["aws_subnet.public2.id","aws_subnet.public2"]}},"schema_version":0},{"address":"aws_security_group.albsg","mode":"managed","type":"aws_security_group","name":"albsg","provider_config_key":"aws","expressions":{"description":{"constant_value":"ALB Security Group"},"egress":{"constant_value":[{"cidr_blocks":["0.0.0.0/0"],"description":null,"from_port":0,"ipv6_cidr_blocks":null,"prefix_list_ids":null,"protocol":"-1","security_groups":null,"self":null,"to_port":0}]},"ingress":{"constant_value":[{"cidr_blocks":["0.0.0.0/0"],"description":null,"from_port":0,"ipv6_cidr_blocks":null,"prefix_list_ids":null,"protocol":"-1","security_groups":null,"self":null,"to_port":0}]},"name":{"constant_value":"albsg"},"vpc_id":{"references":["aws_vpc.vpc.id","aws_vpc.vpc"]}},"schema_version":1},{"address":"aws_security_group.privatesg","mode":"managed","type":"aws_security_group","name":"privatesg","provider_config_key":"aws","expressions":{"description":{"constant_value":"Allow traffic"},"egress":{"constant_value":[{"cidr_blocks":["0.0.0.0/0"],"description":null,"from_port":0,"ipv6_cidr_blocks":null,"prefix_list_ids":null,"protocol":"-1","security_groups":null,"self":null,"to_port":0}]},"ingress":{"references":["aws_security_group.publicsg.id","aws_security_group.publicsg"]},"name":{"constant_value":"privatesg"},"vpc_id":{"references":["aws_vpc.vpc.id","aws_vpc.vpc"]}},"schema_version":1},{"address":"aws_security_group.publicsg","mode":"managed","type":"aws_security_group","name":"publicsg","provider_config_key":"aws","expressions":{"description":{"constant_value":"Allow traffic"},"egress":{"constant_value":[{"cidr_blocks":["0.0.0.0/0"],"description":null,"from_port":0,"ipv6_cidr_blocks":null,"prefix_list_ids":null,"protocol":"-1","security_groups":null,"self":null,"to_port":0}]},"ingress":{"constant_value":[{"cidr_blocks":["0.0.0.0/0"],"description":null,"from_port":80,"ipv6_cidr_blocks":null,"prefix_list_ids":null,"protocol":"tcp","security_groups":null,"self":null,"to_port":80},{"cidr_blocks":["0.0.0.0/0"],"description":null,"from_port":22,"ipv6_cidr_blocks":null,"prefix_list_ids":null,"protocol":"tcp","security_groups":null,"self":null,"to_port":22}]},"name":{"constant_value":"publicsg"},"vpc_id":{"references":["aws_vpc.vpc.id","aws_vpc.vpc"]}},"schema_version":1},{"address":"aws_subnet.private1","mode":"managed","type":"aws_subnet","name":"private1","provider_config_key":"aws","expressions":{"availability_zone":{"constant_value":"ap-south-1a"},"cidr_block":{"constant_value":"10.0.3.0/24"},"map_public_ip_on_launch":{"constant_value":false},"tags":{"constant_value":{"Name":"1private"}},"vpc_id":{"references":["aws_vpc.vpc.id","aws_vpc.vpc"]}},"schema_version":1},{"address":"aws_subnet.private2","mode":"managed","type":"aws_subnet","name":"private2","provider_config_key":"aws","expressions":{"availability_zone":{"constant_value":"ap-south-1b"},"cidr_block":{"constant_value":"10.0.4.0/24"},"map_public_ip_on_launch":{"constant_value":false},"tags":{"constant_value":{"Name":"2private"}},"vpc_id":{"references":["aws_vpc.vpc.id","aws_vpc.vpc"]}},"schema_version":1},{"address":"aws_subnet.public1","mode":"managed","type":"aws_subnet","name":"public1","provider_config_key":"aws","expressions":{"availability_zone":{"constant_value":"ap-south-1a"},"cidr_block":{"constant_value":"10.0.1.0/24"},"map_public_ip_on_launch":{"constant_value":true},"tags":{"constant_value":{"Name":"1public"}},"vpc_id":{"references":["aws_vpc.vpc.id","aws_vpc.vpc"]}},"schema_version":1},{"address":"aws_subnet.public2","mode":"managed","type":"aws_subnet","name":"public2","provider_config_key":"aws","expressions":{"availability_zone":{"constant_value":"ap-south-1b"},"cidr_block":{"constant_value":"10.0.2.0/24"},"map_public_ip_on_launch":{"constant_value":true},"tags":{"constant_value":{"Name":"2public"}},"vpc_id":{"references":["aws_vpc.vpc.id","aws_vpc.vpc"]}},"schema_version":1},{"address":"aws_vpc.vpc","mode":"managed","type":"aws_vpc","name":"vpc","provider_config_key":"aws","expressions":{"cidr_block":{"constant_value":"10.0.0.0/16"},"instance_tenancy":{"constant_value":"default"},"tags":{"constant_value":{"Name":"projectvpc"}}},"schema_version":1}]}},"relevant_attributes":[{"resource":"aws_internet_gateway.ig","attribute":["id"]},{"resource":"aws_route_table.rt","attribute":["id"]},{"resource":"aws_lb_target_group.albtg","attribute":["arn"]},{"resource":"aws_instance.instance1","attribute":["id"]},{"resource":"aws_instance.instance2","attribute":["id"]},{"resource":"aws_subnet.private1","attribute":["id"]},{"resource":"aws_subnet.private2","attribute":["id"]},{"resource":"aws_subnet.public2","attribute":["id"]},{"resource":"aws_security_group.albsg","attribute":["id"]},{"resource":"aws_security_group.publicsg","attribute":["id"]},{"resource":"aws_security_group.privatesg","attribute":["id"]},{"resource":"aws_db_subnet_group.dbsubnet","attribute":["id"]},{"resource":"aws_vpc.vpc","attribute":["id"]},{"resource":"aws_subnet.public1","attribute":["id"]},{"resource":"aws_lb.alb","attribute":["arn"]}]}
